
Microsoft Visual Studio Solution File, Format Version 12.00
# Visual Studio Version 17
VisualStudioVersion = 17.6.33513.286
MinimumVisualStudioVersion = 10.0.40219.1
Project("{2150E333-8FDC-42A3-9474-1A3956D46DE8}") = "Common", "Common", "{862B7274-95B0-4FAD-B6C1-1806075DD3FF}"
EndProject
Project("{2150E333-8FDC-42A3-9474-1A3956D46DE8}") = "Apps", "Apps", "{7882DCD6-F419-4675-B450-9958D97F902A}"
EndProject
Project("{2150E333-8FDC-42A3-9474-1A3956D46DE8}") = "Tests", "Tests", "{B344F235-3BC0-4FA6-BB70-69FC3947F64F}"
EndProject
Project("{9A19103F-16F7-4668-BE54-9A1E7A4F7556}") = "Bass.Shared", "Common\Bass.Shared\Bass.Shared.csproj", "{87C96CC3-2D44-443A-B316-1E9359BD8F16}"
EndProject
Project("{9A19103F-16F7-4668-BE54-9A1E7A4F7556}") = "Bass.Shared.Tests", "Tests\Bass.Shared.Tests\Bass.Shared.Tests.csproj", "{C10B3CF7-3817-495F-8040-91B7D6B43933}"
EndProject
Project("{2150E333-8FDC-42A3-9474-1A3956D46DE8}") = "POCs", "POCs", "{4B9A46F4-B96B-4422-BCC7-11C6E634225A}"
EndProject
Project("{2150E333-8FDC-42A3-9474-1A3956D46DE8}") = "ProjectKitt", "ProjectKitt", "{FF2F849A-8DEC-4ED2-B63F-4D699BD1A5D1}"
EndProject
Project("{9A19103F-16F7-4668-BE54-9A1E7A4F7556}") = "ProjectKitt.WinForms", "POCs\ProjectKitt\ProjectKitt.WinForms\ProjectKitt.WinForms.csproj", "{771C2319-2595-4320-9965-508945AAFE95}"
EndProject
Project("{9A19103F-16F7-4668-BE54-9A1E7A4F7556}") = "ProjectKitt.Core", "POCs\ProjectKitt\ProjectKitt.Core\ProjectKitt.Core.csproj", "{612295AE-C33D-4AE4-AEBB-332CB51342C2}"
EndProject
Project("{9A19103F-16F7-4668-BE54-9A1E7A4F7556}") = "ProjectKitt.Core.Tests", "POCs\ProjectKitt\ProjectKitt.Core.Tests\ProjectKitt.Core.Tests.csproj", "{FC16D448-EEB4-4F6B-86DE-8BC89BB345C5}"
EndProject
Project("{2150E333-8FDC-42A3-9474-1A3956D46DE8}") = "apps", "apps", "{85411BFE-3AEC-4D16-A097-C673AC105D57}"
EndProject
Project("{2150E333-8FDC-42A3-9474-1A3956D46DE8}") = "tests", "tests", "{0AF298EC-78B1-49E0-B956-CFC427FA48C1}"
EndProject
Project("{2150E333-8FDC-42A3-9474-1A3956D46DE8}") = "BaddEcon", "BaddEcon", "{3AAF2D21-EB4C-46A7-9AC6-E5C846FDBA8C}"
EndProject
Project("{2150E333-8FDC-42A3-9474-1A3956D46DE8}") = "apps", "apps", "{7D11E527-5587-4BB3-AC71-AC399C7CE514}"
EndProject
Project("{2150E333-8FDC-42A3-9474-1A3956D46DE8}") = "tests", "tests", "{694D1456-4446-4BCA-A6A6-5BFC967C964C}"
EndProject
Project("{9A19103F-16F7-4668-BE54-9A1E7A4F7556}") = "BaddEcon.Core", "POCs\BaddEcon\apps\BaddEcon.Core\BaddEcon.Core.csproj", "{1C461CA2-636A-4AB4-ACFF-2F24E15B5D0F}"
EndProject
Project("{9A19103F-16F7-4668-BE54-9A1E7A4F7556}") = "BaddEcon.Core.Tests", "POCs\BaddEcon\tests\BaddEcon.Core.Tests\BaddEcon.Core.Tests.csproj", "{F4D39B7A-1FAD-4B85-8FB1-FD546037E78B}"
EndProject
Project("{9A19103F-16F7-4668-BE54-9A1E7A4F7556}") = "BaddEcon.Core.CLI", "POCs\BaddEcon\apps\BaddEcon.Core.CLI\BaddEcon.Core.CLI.csproj", "{34E56018-1197-4954-B598-7E14945DD9EC}"
EndProject
Project("{9A19103F-16F7-4668-BE54-9A1E7A4F7556}") = "BaddEcon.Web", "POCs\BaddEcon\apps\BaddEcon.Web\BaddEcon.Web.csproj", "{AF4666DE-D0CE-44C3-8C5F-E19D3B0CE30F}"
EndProject
Project("{2150E333-8FDC-42A3-9474-1A3956D46DE8}") = "Turncoats", "Turncoats", "{4B01D8C8-5F13-45C0-BF1C-7F8CFC5C5EE3}"
EndProject
Project("{2150E333-8FDC-42A3-9474-1A3956D46DE8}") = "apps", "apps", "{085120F3-304B-4DC8-A3EA-081FB2890207}"
EndProject
Project("{2150E333-8FDC-42A3-9474-1A3956D46DE8}") = "tests", "tests", "{7B65A475-468C-4256-A936-E871FFA9DC87}"
EndProject
Project("{9A19103F-16F7-4668-BE54-9A1E7A4F7556}") = "Turncoats.Game", "POCs\Turncoats\apps\Turncoats.Game\Turncoats.Game.csproj", "{73A2482E-EE0F-4592-BC8A-FB529962DB01}"
EndProject
Project("{9A19103F-16F7-4668-BE54-9A1E7A4F7556}") = "Turncoats.CLI", "POCs\Turncoats\apps\Turncoats.CLI\Turncoats.CLI.csproj", "{475F7BC6-4D2A-45B8-AA02-E7E3EE653C36}"
EndProject
Project("{FAE04EC0-301F-11D3-BF4B-00C04F79EFBC}") = "Turncoats.WinUI", "POCs\Turncoats\apps\Turncoats.WinUI\Turncoats.WinUI.csproj", "{CCA4079A-A337-40F5-8FB4-EBFCB0FD7621}"
EndProject
Project("{FAE04EC0-301F-11D3-BF4B-00C04F79EFBC}") = "Turncoats.Game.Tests", "POCs\Turncoats\tests\Turncoats.Game.Tests\Turncoats.Game.Tests.csproj", "{B7B3B19B-8E84-4F4D-898C-15B4B1F44310}"
EndProject
Project("{FAE04EC0-301F-11D3-BF4B-00C04F79EFBC}") = "Turncoats.WebUI", "POCs\Turncoats\apps\Turncoats.WebUI\Turncoats.WebUI.csproj", "{18675891-10C9-436A-98E5-2194618CCE6A}"
EndProject
Global
	GlobalSection(SolutionConfigurationPlatforms) = preSolution
		Debug|Any CPU = Debug|Any CPU
		Release|Any CPU = Release|Any CPU
	EndGlobalSection
	GlobalSection(ProjectConfigurationPlatforms) = postSolution
		{87C96CC3-2D44-443A-B316-1E9359BD8F16}.Debug|Any CPU.ActiveCfg = Debug|Any CPU
		{87C96CC3-2D44-443A-B316-1E9359BD8F16}.Debug|Any CPU.Build.0 = Debug|Any CPU
		{87C96CC3-2D44-443A-B316-1E9359BD8F16}.Release|Any CPU.ActiveCfg = Release|Any CPU
		{87C96CC3-2D44-443A-B316-1E9359BD8F16}.Release|Any CPU.Build.0 = Release|Any CPU
		{C10B3CF7-3817-495F-8040-91B7D6B43933}.Debug|Any CPU.ActiveCfg = Debug|Any CPU
		{C10B3CF7-3817-495F-8040-91B7D6B43933}.Debug|Any CPU.Build.0 = Debug|Any CPU
		{C10B3CF7-3817-495F-8040-91B7D6B43933}.Release|Any CPU.ActiveCfg = Release|Any CPU
		{C10B3CF7-3817-495F-8040-91B7D6B43933}.Release|Any CPU.Build.0 = Release|Any CPU
		{771C2319-2595-4320-9965-508945AAFE95}.Debug|Any CPU.ActiveCfg = Debug|Any CPU
		{771C2319-2595-4320-9965-508945AAFE95}.Debug|Any CPU.Build.0 = Debug|Any CPU
		{771C2319-2595-4320-9965-508945AAFE95}.Release|Any CPU.ActiveCfg = Release|Any CPU
		{771C2319-2595-4320-9965-508945AAFE95}.Release|Any CPU.Build.0 = Release|Any CPU
		{612295AE-C33D-4AE4-AEBB-332CB51342C2}.Debug|Any CPU.ActiveCfg = Debug|Any CPU
		{612295AE-C33D-4AE4-AEBB-332CB51342C2}.Debug|Any CPU.Build.0 = Debug|Any CPU
		{612295AE-C33D-4AE4-AEBB-332CB51342C2}.Release|Any CPU.ActiveCfg = Release|Any CPU
		{612295AE-C33D-4AE4-AEBB-332CB51342C2}.Release|Any CPU.Build.0 = Release|Any CPU
		{FC16D448-EEB4-4F6B-86DE-8BC89BB345C5}.Debug|Any CPU.ActiveCfg = Debug|Any CPU
		{FC16D448-EEB4-4F6B-86DE-8BC89BB345C5}.Debug|Any CPU.Build.0 = Debug|Any CPU
		{FC16D448-EEB4-4F6B-86DE-8BC89BB345C5}.Release|Any CPU.ActiveCfg = Release|Any CPU
		{FC16D448-EEB4-4F6B-86DE-8BC89BB345C5}.Release|Any CPU.Build.0 = Release|Any CPU
		{1C461CA2-636A-4AB4-ACFF-2F24E15B5D0F}.Debug|Any CPU.ActiveCfg = Debug|Any CPU
		{1C461CA2-636A-4AB4-ACFF-2F24E15B5D0F}.Debug|Any CPU.Build.0 = Debug|Any CPU
		{1C461CA2-636A-4AB4-ACFF-2F24E15B5D0F}.Release|Any CPU.ActiveCfg = Release|Any CPU
		{1C461CA2-636A-4AB4-ACFF-2F24E15B5D0F}.Release|Any CPU.Build.0 = Release|Any CPU
		{F4D39B7A-1FAD-4B85-8FB1-FD546037E78B}.Debug|Any CPU.ActiveCfg = Debug|Any CPU
		{F4D39B7A-1FAD-4B85-8FB1-FD546037E78B}.Debug|Any CPU.Build.0 = Debug|Any CPU
		{F4D39B7A-1FAD-4B85-8FB1-FD546037E78B}.Release|Any CPU.ActiveCfg = Release|Any CPU
		{F4D39B7A-1FAD-4B85-8FB1-FD546037E78B}.Release|Any CPU.Build.0 = Release|Any CPU
		{34E56018-1197-4954-B598-7E14945DD9EC}.Debug|Any CPU.ActiveCfg = Debug|Any CPU
		{34E56018-1197-4954-B598-7E14945DD9EC}.Debug|Any CPU.Build.0 = Debug|Any CPU
		{34E56018-1197-4954-B598-7E14945DD9EC}.Release|Any CPU.ActiveCfg = Release|Any CPU
		{34E56018-1197-4954-B598-7E14945DD9EC}.Release|Any CPU.Build.0 = Release|Any CPU
		{AF4666DE-D0CE-44C3-8C5F-E19D3B0CE30F}.Debug|Any CPU.ActiveCfg = Debug|Any CPU
		{AF4666DE-D0CE-44C3-8C5F-E19D3B0CE30F}.Debug|Any CPU.Build.0 = Debug|Any CPU
		{AF4666DE-D0CE-44C3-8C5F-E19D3B0CE30F}.Release|Any CPU.ActiveCfg = Release|Any CPU
		{AF4666DE-D0CE-44C3-8C5F-E19D3B0CE30F}.Release|Any CPU.Build.0 = Release|Any CPU
		{73A2482E-EE0F-4592-BC8A-FB529962DB01}.Debug|Any CPU.ActiveCfg = Debug|Any CPU
		{73A2482E-EE0F-4592-BC8A-FB529962DB01}.Debug|Any CPU.Build.0 = Debug|Any CPU
		{73A2482E-EE0F-4592-BC8A-FB529962DB01}.Release|Any CPU.ActiveCfg = Release|Any CPU
		{73A2482E-EE0F-4592-BC8A-FB529962DB01}.Release|Any CPU.Build.0 = Release|Any CPU
		{475F7BC6-4D2A-45B8-AA02-E7E3EE653C36}.Debug|Any CPU.ActiveCfg = Debug|Any CPU
		{475F7BC6-4D2A-45B8-AA02-E7E3EE653C36}.Debug|Any CPU.Build.0 = Debug|Any CPU
		{475F7BC6-4D2A-45B8-AA02-E7E3EE653C36}.Release|Any CPU.ActiveCfg = Release|Any CPU
		{475F7BC6-4D2A-45B8-AA02-E7E3EE653C36}.Release|Any CPU.Build.0 = Release|Any CPU
		{CCA4079A-A337-40F5-8FB4-EBFCB0FD7621}.Debug|Any CPU.ActiveCfg = Debug|Any CPU
		{CCA4079A-A337-40F5-8FB4-EBFCB0FD7621}.Debug|Any CPU.Build.0 = Debug|Any CPU
		{CCA4079A-A337-40F5-8FB4-EBFCB0FD7621}.Release|Any CPU.ActiveCfg = Release|Any CPU
		{CCA4079A-A337-40F5-8FB4-EBFCB0FD7621}.Release|Any CPU.Build.0 = Release|Any CPU
		{B7B3B19B-8E84-4F4D-898C-15B4B1F44310}.Debug|Any CPU.ActiveCfg = Debug|Any CPU
		{B7B3B19B-8E84-4F4D-898C-15B4B1F44310}.Debug|Any CPU.Build.0 = Debug|Any CPU
		{B7B3B19B-8E84-4F4D-898C-15B4B1F44310}.Release|Any CPU.ActiveCfg = Release|Any CPU
		{B7B3B19B-8E84-4F4D-898C-15B4B1F44310}.Release|Any CPU.Build.0 = Release|Any CPU
		{18675891-10C9-436A-98E5-2194618CCE6A}.Debug|Any CPU.ActiveCfg = Debug|Any CPU
		{18675891-10C9-436A-98E5-2194618CCE6A}.Debug|Any CPU.Build.0 = Debug|Any CPU
		{18675891-10C9-436A-98E5-2194618CCE6A}.Release|Any CPU.ActiveCfg = Release|Any CPU
		{18675891-10C9-436A-98E5-2194618CCE6A}.Release|Any CPU.Build.0 = Release|Any CPU
	EndGlobalSection
	GlobalSection(SolutionProperties) = preSolution
		HideSolutionNode = FALSE
	EndGlobalSection
	GlobalSection(NestedProjects) = preSolution
		{87C96CC3-2D44-443A-B316-1E9359BD8F16} = {862B7274-95B0-4FAD-B6C1-1806075DD3FF}
		{C10B3CF7-3817-495F-8040-91B7D6B43933} = {B344F235-3BC0-4FA6-BB70-69FC3947F64F}
		{FF2F849A-8DEC-4ED2-B63F-4D699BD1A5D1} = {4B9A46F4-B96B-4422-BCC7-11C6E634225A}
		{771C2319-2595-4320-9965-508945AAFE95} = {85411BFE-3AEC-4D16-A097-C673AC105D57}
		{612295AE-C33D-4AE4-AEBB-332CB51342C2} = {85411BFE-3AEC-4D16-A097-C673AC105D57}
		{FC16D448-EEB4-4F6B-86DE-8BC89BB345C5} = {0AF298EC-78B1-49E0-B956-CFC427FA48C1}
		{85411BFE-3AEC-4D16-A097-C673AC105D57} = {FF2F849A-8DEC-4ED2-B63F-4D699BD1A5D1}
		{0AF298EC-78B1-49E0-B956-CFC427FA48C1} = {FF2F849A-8DEC-4ED2-B63F-4D699BD1A5D1}
		{3AAF2D21-EB4C-46A7-9AC6-E5C846FDBA8C} = {4B9A46F4-B96B-4422-BCC7-11C6E634225A}
		{7D11E527-5587-4BB3-AC71-AC399C7CE514} = {3AAF2D21-EB4C-46A7-9AC6-E5C846FDBA8C}
		{694D1456-4446-4BCA-A6A6-5BFC967C964C} = {3AAF2D21-EB4C-46A7-9AC6-E5C846FDBA8C}
		{1C461CA2-636A-4AB4-ACFF-2F24E15B5D0F} = {7D11E527-5587-4BB3-AC71-AC399C7CE514}
		{F4D39B7A-1FAD-4B85-8FB1-FD546037E78B} = {694D1456-4446-4BCA-A6A6-5BFC967C964C}
		{34E56018-1197-4954-B598-7E14945DD9EC} = {7D11E527-5587-4BB3-AC71-AC399C7CE514}
		{AF4666DE-D0CE-44C3-8C5F-E19D3B0CE30F} = {7D11E527-5587-4BB3-AC71-AC399C7CE514}
		{4B01D8C8-5F13-45C0-BF1C-7F8CFC5C5EE3} = {4B9A46F4-B96B-4422-BCC7-11C6E634225A}
		{085120F3-304B-4DC8-A3EA-081FB2890207} = {4B01D8C8-5F13-45C0-BF1C-7F8CFC5C5EE3}
		{7B65A475-468C-4256-A936-E871FFA9DC87} = {4B01D8C8-5F13-45C0-BF1C-7F8CFC5C5EE3}
		{73A2482E-EE0F-4592-BC8A-FB529962DB01} = {085120F3-304B-4DC8-A3EA-081FB2890207}
		{475F7BC6-4D2A-45B8-AA02-E7E3EE653C36} = {085120F3-304B-4DC8-A3EA-081FB2890207}
		{CCA4079A-A337-40F5-8FB4-EBFCB0FD7621} = {085120F3-304B-4DC8-A3EA-081FB2890207}
		{B7B3B19B-8E84-4F4D-898C-15B4B1F44310} = {7B65A475-468C-4256-A936-E871FFA9DC87}
		{18675891-10C9-436A-98E5-2194618CCE6A} = {085120F3-304B-4DC8-A3EA-081FB2890207}
	EndGlobalSection
EndGlobal
