
Microsoft Visual Studio Solution File, Format Version 12.00
# Visual Studio Version 17
VisualStudioVersion = 17.6.33513.286
MinimumVisualStudioVersion = 10.0.40219.1
Project("{2150E333-8FDC-42A3-9474-1A3956D46DE8}") = "Common", "Common", "{862B7274-95B0-4FAD-B6C1-1806075DD3FF}"
EndProject
Project("{2150E333-8FDC-42A3-9474-1A3956D46DE8}") = "Apps", "Apps", "{7882DCD6-F419-4675-B450-9958D97F902A}"
EndProject
Project("{2150E333-8FDC-42A3-9474-1A3956D46DE8}") = "Tests", "Tests", "{B344F235-3BC0-4FA6-BB70-69FC3947F64F}"
EndProject
Project("{9A19103F-16F7-4668-BE54-9A1E7A4F7556}") = "Bass.Shared", "Common\Bass.Shared\Bass.Shared.csproj", "{87C96CC3-2D44-443A-B316-1E9359BD8F16}"
EndProject
Project("{9A19103F-16F7-4668-BE54-9A1E7A4F7556}") = "Bass.Shared.Tests", "Tests\Bass.Shared.Tests\Bass.Shared.Tests.csproj", "{C10B3CF7-3817-495F-8040-91B7D6B43933}"
EndProject
Project("{2150E333-8FDC-42A3-9474-1A3956D46DE8}") = "POCs", "POCs", "{4B9A46F4-B96B-4422-BCC7-11C6E634225A}"
EndProject
Project("{2150E333-8FDC-42A3-9474-1A3956D46DE8}") = "ProjectKitt", "ProjectKitt", "{FF2F849A-8DEC-4ED2-B63F-4D699BD1A5D1}"
EndProject
Project("{FAE04EC0-301F-11D3-BF4B-00C04F79EFBC}") = "ProjectKitt.WinForms", "POCs\ProjectKitt\ProjectKitt.WinForms\ProjectKitt.WinForms.csproj", "{771C2319-2595-4320-9965-508945AAFE95}"
EndProject
Project("{FAE04EC0-301F-11D3-BF4B-00C04F79EFBC}") = "ProjectKitt.Core", "POCs\ProjectKitt\ProjectKitt.Core\ProjectKitt.Core.csproj", "{612295AE-C33D-4AE4-AEBB-332CB51342C2}"
EndProject
Project("{FAE04EC0-301F-11D3-BF4B-00C04F79EFBC}") = "ProjectKitt.Core.Tests", "POCs\ProjectKitt\ProjectKitt.Core.Tests\ProjectKitt.Core.Tests.csproj", "{FC16D448-EEB4-4F6B-86DE-8BC89BB345C5}"
EndProject
Project("{2150E333-8FDC-42A3-9474-1A3956D46DE8}") = "apps", "apps", "{85411BFE-3AEC-4D16-A097-C673AC105D57}"
EndProject
Project("{2150E333-8FDC-42A3-9474-1A3956D46DE8}") = "tests", "tests", "{0AF298EC-78B1-49E0-B956-CFC427FA48C1}"
EndProject
Global
	GlobalSection(SolutionConfigurationPlatforms) = preSolution
		Debug|Any CPU = Debug|Any CPU
		Release|Any CPU = Release|Any CPU
	EndGlobalSection
	GlobalSection(ProjectConfigurationPlatforms) = postSolution
		{87C96CC3-2D44-443A-B316-1E9359BD8F16}.Debug|Any CPU.ActiveCfg = Debug|Any CPU
		{87C96CC3-2D44-443A-B316-1E9359BD8F16}.Debug|Any CPU.Build.0 = Debug|Any CPU
		{87C96CC3-2D44-443A-B316-1E9359BD8F16}.Release|Any CPU.ActiveCfg = Release|Any CPU
		{87C96CC3-2D44-443A-B316-1E9359BD8F16}.Release|Any CPU.Build.0 = Release|Any CPU
		{C10B3CF7-3817-495F-8040-91B7D6B43933}.Debug|Any CPU.ActiveCfg = Debug|Any CPU
		{C10B3CF7-3817-495F-8040-91B7D6B43933}.Debug|Any CPU.Build.0 = Debug|Any CPU
		{C10B3CF7-3817-495F-8040-91B7D6B43933}.Release|Any CPU.ActiveCfg = Release|Any CPU
		{C10B3CF7-3817-495F-8040-91B7D6B43933}.Release|Any CPU.Build.0 = Release|Any CPU
		{771C2319-2595-4320-9965-508945AAFE95}.Debug|Any CPU.ActiveCfg = Debug|Any CPU
		{771C2319-2595-4320-9965-508945AAFE95}.Debug|Any CPU.Build.0 = Debug|Any CPU
		{771C2319-2595-4320-9965-508945AAFE95}.Release|Any CPU.ActiveCfg = Release|Any CPU
		{771C2319-2595-4320-9965-508945AAFE95}.Release|Any CPU.Build.0 = Release|Any CPU
		{612295AE-C33D-4AE4-AEBB-332CB51342C2}.Debug|Any CPU.ActiveCfg = Debug|Any CPU
		{612295AE-C33D-4AE4-AEBB-332CB51342C2}.Debug|Any CPU.Build.0 = Debug|Any CPU
		{612295AE-C33D-4AE4-AEBB-332CB51342C2}.Release|Any CPU.ActiveCfg = Release|Any CPU
		{612295AE-C33D-4AE4-AEBB-332CB51342C2}.Release|Any CPU.Build.0 = Release|Any CPU
		{FC16D448-EEB4-4F6B-86DE-8BC89BB345C5}.Debug|Any CPU.ActiveCfg = Debug|Any CPU
		{FC16D448-EEB4-4F6B-86DE-8BC89BB345C5}.Debug|Any CPU.Build.0 = Debug|Any CPU
		{FC16D448-EEB4-4F6B-86DE-8BC89BB345C5}.Release|Any CPU.ActiveCfg = Release|Any CPU
		{FC16D448-EEB4-4F6B-86DE-8BC89BB345C5}.Release|Any CPU.Build.0 = Release|Any CPU
	EndGlobalSection
	GlobalSection(SolutionProperties) = preSolution
		HideSolutionNode = FALSE
	EndGlobalSection
	GlobalSection(NestedProjects) = preSolution
		{87C96CC3-2D44-443A-B316-1E9359BD8F16} = {862B7274-95B0-4FAD-B6C1-1806075DD3FF}
		{C10B3CF7-3817-495F-8040-91B7D6B43933} = {B344F235-3BC0-4FA6-BB70-69FC3947F64F}
		{FF2F849A-8DEC-4ED2-B63F-4D699BD1A5D1} = {4B9A46F4-B96B-4422-BCC7-11C6E634225A}
		{85411BFE-3AEC-4D16-A097-C673AC105D57} = {FF2F849A-8DEC-4ED2-B63F-4D699BD1A5D1}
		{0AF298EC-78B1-49E0-B956-CFC427FA48C1} = {FF2F849A-8DEC-4ED2-B63F-4D699BD1A5D1}
		{612295AE-C33D-4AE4-AEBB-332CB51342C2} = {85411BFE-3AEC-4D16-A097-C673AC105D57}
		{771C2319-2595-4320-9965-508945AAFE95} = {85411BFE-3AEC-4D16-A097-C673AC105D57}
		{FC16D448-EEB4-4F6B-86DE-8BC89BB345C5} = {0AF298EC-78B1-49E0-B956-CFC427FA48C1}
	EndGlobalSection
EndGlobal
